{
  "version": 4,
  "terraform_version": "1.7.3",
  "serial": 285,
  "lineage": "fae43c35-fd44-9c5e-c5f3-65edcf799b46",
  "outputs": {},
  "resources": [
    {
      "mode": "managed",
      "type": "google_compute_firewall",
      "name": "allow_port_3000",
      "provider": "provider[\"registry.terraform.io/hashicorp/google\"]",
      "instances": [
        {
          "schema_version": 1,
          "attributes": {
            "allow": [
              {
                "ports": [
                  "3000"
                ],
                "protocol": "tcp"
              }
            ],
            "creation_timestamp": "2024-02-25T21:17:47.407-08:00",
            "deny": [],
            "description": "",
            "destination_ranges": [],
            "direction": "INGRESS",
            "disabled": false,
            "enable_logging": null,
            "id": "projects/csye-6225-tarun-002294529/global/firewalls/allow-port-3000",
            "log_config": [],
            "name": "allow-port-3000",
            "network": "https://www.googleapis.com/compute/v1/projects/csye-6225-tarun-002294529/global/networks/csye6225-network",
            "priority": 1000,
            "project": "csye-6225-tarun-002294529",
            "self_link": "https://www.googleapis.com/compute/v1/projects/csye-6225-tarun-002294529/global/firewalls/allow-port-3000",
            "source_ranges": [
              "0.0.0.0/0"
            ],
            "source_service_accounts": [],
            "source_tags": [],
            "target_service_accounts": [],
            "target_tags": [
              "allow-port-3000"
            ],
            "timeouts": null
          },
          "sensitive_attributes": [],
          "private": "eyJlMmJmYjczMC1lY2FhLTExZTYtOGY4OC0zNDM2M2JjN2M0YzAiOnsiY3JlYXRlIjoxMjAwMDAwMDAwMDAwLCJkZWxldGUiOjEyMDAwMDAwMDAwMDAsInVwZGF0ZSI6MTIwMDAwMDAwMDAwMH0sInNjaGVtYV92ZXJzaW9uIjoiMSJ9",
          "dependencies": [
            "google_compute_network.csye6225_vpc_network"
          ]
        }
      ]
    },
    {
      "mode": "managed",
      "type": "google_compute_firewall",
      "name": "allow_port_5432",
      "provider": "provider[\"registry.terraform.io/hashicorp/google\"]",
      "instances": [
        {
          "schema_version": 1,
          "attributes": {
            "allow": [
              {
                "ports": [
                  "5432"
                ],
                "protocol": "tcp"
              }
            ],
            "creation_timestamp": "2024-02-25T21:17:47.295-08:00",
            "deny": [],
            "description": "",
            "destination_ranges": [],
            "direction": "INGRESS",
            "disabled": false,
            "enable_logging": null,
            "id": "projects/csye-6225-tarun-002294529/global/firewalls/allow-port-5432",
            "log_config": [],
            "name": "allow-port-5432",
            "network": "https://www.googleapis.com/compute/v1/projects/csye-6225-tarun-002294529/global/networks/csye6225-network",
            "priority": 1000,
            "project": "csye-6225-tarun-002294529",
            "self_link": "https://www.googleapis.com/compute/v1/projects/csye-6225-tarun-002294529/global/firewalls/allow-port-5432",
            "source_ranges": [
              "0.0.0.0/0"
            ],
            "source_service_accounts": [],
            "source_tags": [],
            "target_service_accounts": [],
            "target_tags": [
              "allow-port-5432"
            ],
            "timeouts": null
          },
          "sensitive_attributes": [],
          "private": "eyJlMmJmYjczMC1lY2FhLTExZTYtOGY4OC0zNDM2M2JjN2M0YzAiOnsiY3JlYXRlIjoxMjAwMDAwMDAwMDAwLCJkZWxldGUiOjEyMDAwMDAwMDAwMDAsInVwZGF0ZSI6MTIwMDAwMDAwMDAwMH0sInNjaGVtYV92ZXJzaW9uIjoiMSJ9",
          "dependencies": [
            "google_compute_network.csye6225_vpc_network"
          ]
        }
      ]
    },
    {
      "mode": "managed",
      "type": "google_compute_firewall",
      "name": "deny_port_22",
      "provider": "provider[\"registry.terraform.io/hashicorp/google\"]",
      "instances": [
        {
          "schema_version": 1,
          "attributes": {
            "allow": [],
            "creation_timestamp": "2024-02-25T21:17:47.337-08:00",
            "deny": [
              {
                "ports": [
                  "22"
                ],
                "protocol": "tcp"
              }
            ],
            "description": "",
            "destination_ranges": [],
            "direction": "INGRESS",
            "disabled": false,
            "enable_logging": null,
            "id": "projects/csye-6225-tarun-002294529/global/firewalls/deny-port-22",
            "log_config": [],
            "name": "deny-port-22",
            "network": "https://www.googleapis.com/compute/v1/projects/csye-6225-tarun-002294529/global/networks/csye6225-network",
            "priority": 1000,
            "project": "csye-6225-tarun-002294529",
            "self_link": "https://www.googleapis.com/compute/v1/projects/csye-6225-tarun-002294529/global/firewalls/deny-port-22",
            "source_ranges": [
              "0.0.0.0/0"
            ],
            "source_service_accounts": [],
            "source_tags": [],
            "target_service_accounts": [],
            "target_tags": [
              "deny-port-22"
            ],
            "timeouts": null
          },
          "sensitive_attributes": [],
          "private": "eyJlMmJmYjczMC1lY2FhLTExZTYtOGY4OC0zNDM2M2JjN2M0YzAiOnsiY3JlYXRlIjoxMjAwMDAwMDAwMDAwLCJkZWxldGUiOjEyMDAwMDAwMDAwMDAsInVwZGF0ZSI6MTIwMDAwMDAwMDAwMH0sInNjaGVtYV92ZXJzaW9uIjoiMSJ9",
          "dependencies": [
            "google_compute_network.csye6225_vpc_network"
          ]
        }
      ]
    },
    {
      "mode": "managed",
      "type": "google_compute_instance",
      "name": "webapp_vm",
      "provider": "provider[\"registry.terraform.io/hashicorp/google\"]",
      "instances": [
        {
          "schema_version": 6,
          "attributes": {
            "advanced_machine_features": [],
            "allow_stopping_for_update": null,
            "attached_disk": [],
            "boot_disk": [
              {
                "auto_delete": true,
                "device_name": "persistent-disk-0",
                "disk_encryption_key_raw": "",
                "disk_encryption_key_sha256": "",
                "initialize_params": [
                  {
                    "enable_confidential_compute": false,
                    "image": "https://www.googleapis.com/compute/v1/projects/csye-6225-tarun-002294529/global/images/csye6225-image-a3",
                    "labels": {},
                    "provisioned_iops": 0,
                    "provisioned_throughput": 0,
                    "resource_manager_tags": {},
                    "size": 100,
                    "type": "pd-balanced"
                  }
                ],
                "kms_key_self_link": "",
                "mode": "READ_WRITE",
                "source": "https://www.googleapis.com/compute/v1/projects/csye-6225-tarun-002294529/zones/us-central1-a/disks/webapp-instance"
              }
            ],
            "can_ip_forward": false,
            "confidential_instance_config": [],
            "cpu_platform": "Intel Broadwell",
            "current_status": "RUNNING",
            "deletion_protection": false,
            "description": "",
            "desired_status": null,
            "effective_labels": {},
            "enable_display": false,
            "guest_accelerator": [],
            "hostname": "",
            "id": "projects/csye-6225-tarun-002294529/zones/us-central1-a/instances/webapp-instance",
            "instance_id": "3845438777651732980",
            "label_fingerprint": "42WmSpB8rSM=",
            "labels": {},
            "machine_type": "e2-standard-2",
            "metadata": {
              "DB_HOST": "10.193.0.0",
              "DB_NAME": "webapp",
              "DB_PASSWORD": "gQzJR[GPw!S3BaXp",
              "DB_USER": "webapp"
            },
            "metadata_fingerprint": "xMAKdWg5Opc=",
            "metadata_startup_script": "#!/bin/bash\r\n\r\nMARKER_FILE=\"/var/run/webapp_configured\"\r\nENV_FILE=\"/tmp/webapp/.env\"\r\nif [[ ! -e /tmp/webapp/.env ]]; then\r\n    touch /tmp/webapp/.env\r\nfi\r\n\r\nif [ -f \"$MARKER_FILE\" ]; then\r\n  echo \"Web application is already configured. Skipping configuration.\"\r\nelse\r\n\r\n  echo \"DB_USER=\\$(curl -H \\\"Metadata-Flavor: Google\\\" http://metadata.google.internal/computeMetadata/v1/instance/attributes/DB_USER)\" \u003e\u003e $ENV_FILE\r\n  echo \"DB_PASSWORD=\\$(curl -H \\\"Metadata-Flavor: Google\\\" http://metadata.google.internal/computeMetadata/v1/instance/attributes/DB_PASSWORD)\" \u003e\u003e $ENV_FILE\r\n  echo \"DB_HOST=\\$(curl -H \\\"Metadata-Flavor: Google\\\" http://metadata.google.internal/computeMetadata/v1/instance/attributes/DB_HOST)\" \u003e\u003e $ENV_FILE\r\n  echo \"DB_NAME=\\$(curl -H \\\"Metadata-Flavor: Google\\\" http://metadata.google.internal/computeMetadata/v1/instance/attributes/DB_NAME)\" \u003e\u003e $ENV_FILE\r\n  # Additional configurations...\r\n\r\n  # Create the marker file to indicate successful configuration\r\n  sudo touch $MARKER_FILE\r\nfi\r\nsudo systemctl stop csye-6225\r\nsudo systemctl start csye-6225\r\nsudo systemctl status csye-6225\r\n",
            "min_cpu_platform": "",
            "name": "webapp-instance",
            "network_interface": [
              {
                "access_config": [
                  {
                    "nat_ip": "35.225.195.227",
                    "network_tier": "PREMIUM",
                    "public_ptr_domain_name": ""
                  }
                ],
                "alias_ip_range": [],
                "internal_ipv6_prefix_length": 0,
                "ipv6_access_config": [],
                "ipv6_access_type": "",
                "ipv6_address": "",
                "name": "nic0",
                "network": "https://www.googleapis.com/compute/v1/projects/csye-6225-tarun-002294529/global/networks/csye6225-network",
                "network_ip": "10.20.0.2",
                "nic_type": "",
                "queue_count": 0,
                "stack_type": "IPV4_ONLY",
                "subnetwork": "https://www.googleapis.com/compute/v1/projects/csye-6225-tarun-002294529/regions/us-central1/subnetworks/webapp-subnetwork",
                "subnetwork_project": "csye-6225-tarun-002294529"
              }
            ],
            "network_performance_config": [],
            "params": [],
            "project": "csye-6225-tarun-002294529",
            "reservation_affinity": [],
            "resource_policies": [],
            "scheduling": [
              {
                "automatic_restart": true,
                "instance_termination_action": "",
                "local_ssd_recovery_timeout": [],
                "min_node_cpus": 0,
                "node_affinities": [],
                "on_host_maintenance": "MIGRATE",
                "preemptible": false,
                "provisioning_model": "STANDARD"
              }
            ],
            "scratch_disk": [],
            "self_link": "https://www.googleapis.com/compute/v1/projects/csye-6225-tarun-002294529/zones/us-central1-a/instances/webapp-instance",
            "service_account": [],
            "shielded_instance_config": [
              {
                "enable_integrity_monitoring": true,
                "enable_secure_boot": false,
                "enable_vtpm": true
              }
            ],
            "tags": [
              "allow-port-3000",
              "allow-port-5432",
              "deny-port-22",
              "postgrestag"
            ],
            "tags_fingerprint": "XktvbBZKRhM=",
            "terraform_labels": {},
            "timeouts": null,
            "zone": "us-central1-a"
          },
          "sensitive_attributes": [
            [
              {
                "type": "get_attr",
                "value": "metadata"
              },
              {
                "type": "index",
                "value": {
                  "value": "DB_PASSWORD",
                  "type": "string"
                }
              }
            ]
          ],
          "private": "eyJlMmJmYjczMC1lY2FhLTExZTYtOGY4OC0zNDM2M2JjN2M0YzAiOnsiY3JlYXRlIjoxMjAwMDAwMDAwMDAwLCJkZWxldGUiOjEyMDAwMDAwMDAwMDAsInVwZGF0ZSI6MTIwMDAwMDAwMDAwMH0sInNjaGVtYV92ZXJzaW9uIjoiNiJ9",
          "dependencies": [
            "google_compute_network.csye6225_vpc_network",
            "google_compute_project_metadata.web_metadata",
            "google_compute_subnetwork.webapp",
            "random_password.password"
          ]
        }
      ]
    },
    {
      "mode": "managed",
      "type": "google_compute_network",
      "name": "csye6225_vpc_network",
      "provider": "provider[\"registry.terraform.io/hashicorp/google\"]",
      "instances": [
        {
          "schema_version": 0,
          "attributes": {
            "auto_create_subnetworks": false,
            "delete_default_routes_on_create": true,
            "description": "",
            "enable_ula_internal_ipv6": false,
            "gateway_ipv4": "",
            "id": "projects/csye-6225-tarun-002294529/global/networks/csye6225-network",
            "internal_ipv6_range": "",
            "mtu": 0,
            "name": "csye6225-network",
            "network_firewall_policy_enforcement_order": "AFTER_CLASSIC_FIREWALL",
            "numeric_id": "6139287369137194161",
            "project": "csye-6225-tarun-002294529",
            "routing_mode": "REGIONAL",
            "self_link": "https://www.googleapis.com/compute/v1/projects/csye-6225-tarun-002294529/global/networks/csye6225-network",
            "timeouts": null
          },
          "sensitive_attributes": [],
          "private": "eyJlMmJmYjczMC1lY2FhLTExZTYtOGY4OC0zNDM2M2JjN2M0YzAiOnsiY3JlYXRlIjoxMjAwMDAwMDAwMDAwLCJkZWxldGUiOjEyMDAwMDAwMDAwMDAsInVwZGF0ZSI6MTIwMDAwMDAwMDAwMH19"
        }
      ]
    },
    {
      "mode": "managed",
      "type": "google_compute_project_metadata",
      "name": "web_metadata",
      "provider": "provider[\"registry.terraform.io/hashicorp/google\"]",
      "instances": [
        {
          "schema_version": 0,
          "attributes": {
            "id": "csye-6225-tarun-002294529",
            "metadata": {
              "DB_HOST": "10.193.0.0",
              "DB_NAME": "webapp",
              "DB_PASSWORD": "gQzJR[GPw!S3BaXp",
              "DB_USER": "webapp"
            },
            "project": "csye-6225-tarun-002294529",
            "timeouts": null
          },
          "sensitive_attributes": [
            [
              {
                "type": "get_attr",
                "value": "metadata"
              },
              {
                "type": "index",
                "value": {
                  "value": "DB_PASSWORD",
                  "type": "string"
                }
              }
            ]
          ],
          "private": "eyJlMmJmYjczMC1lY2FhLTExZTYtOGY4OC0zNDM2M2JjN2M0YzAiOnsiY3JlYXRlIjoyNDAwMDAwMDAwMDAsImRlbGV0ZSI6MjQwMDAwMDAwMDAwfX0=",
          "dependencies": [
            "random_password.password"
          ]
        }
      ]
    },
    {
      "mode": "managed",
      "type": "google_compute_route",
      "name": "hoproute",
      "provider": "provider[\"registry.terraform.io/hashicorp/google\"]",
      "instances": [
        {
          "schema_version": 0,
          "attributes": {
            "description": "",
            "dest_range": "0.0.0.0/0",
            "id": "projects/csye-6225-tarun-002294529/global/routes/network-route",
            "name": "network-route",
            "network": "https://www.googleapis.com/compute/v1/projects/csye-6225-tarun-002294529/global/networks/csye6225-network",
            "next_hop_gateway": "https://www.googleapis.com/compute/v1/projects/csye-6225-tarun-002294529/global/gateways/default-internet-gateway",
            "next_hop_ilb": "",
            "next_hop_instance": "",
            "next_hop_instance_zone": null,
            "next_hop_ip": "",
            "next_hop_network": "",
            "next_hop_vpn_tunnel": "",
            "priority": 1000,
            "project": "csye-6225-tarun-002294529",
            "self_link": "https://www.googleapis.com/compute/v1/projects/csye-6225-tarun-002294529/global/routes/network-route",
            "tags": [],
            "timeouts": null
          },
          "sensitive_attributes": [],
          "private": "eyJlMmJmYjczMC1lY2FhLTExZTYtOGY4OC0zNDM2M2JjN2M0YzAiOnsiY3JlYXRlIjoxMjAwMDAwMDAwMDAwLCJkZWxldGUiOjEyMDAwMDAwMDAwMDB9fQ==",
          "dependencies": [
            "google_compute_network.csye6225_vpc_network"
          ]
        }
      ]
    },
    {
      "mode": "managed",
      "type": "google_compute_subnetwork",
      "name": "db",
      "provider": "provider[\"registry.terraform.io/hashicorp/google\"]",
      "instances": [
        {
          "schema_version": 0,
          "attributes": {
            "creation_timestamp": "2024-02-25T21:17:47.302-08:00",
            "description": "",
            "external_ipv6_prefix": "",
            "fingerprint": null,
            "gateway_address": "10.20.1.1",
            "id": "projects/csye-6225-tarun-002294529/regions/us-central1/subnetworks/db-subnetwork",
            "internal_ipv6_prefix": "",
            "ip_cidr_range": "10.20.1.0/24",
            "ipv6_access_type": "",
            "ipv6_cidr_range": "",
            "log_config": [],
            "name": "db-subnetwork",
            "network": "https://www.googleapis.com/compute/v1/projects/csye-6225-tarun-002294529/global/networks/csye6225-network",
            "private_ip_google_access": false,
            "private_ipv6_google_access": "DISABLE_GOOGLE_ACCESS",
            "project": "csye-6225-tarun-002294529",
            "purpose": "PRIVATE",
            "region": "us-central1",
            "role": "",
            "secondary_ip_range": [],
            "self_link": "https://www.googleapis.com/compute/v1/projects/csye-6225-tarun-002294529/regions/us-central1/subnetworks/db-subnetwork",
            "stack_type": "IPV4_ONLY",
            "timeouts": null
          },
          "sensitive_attributes": [],
          "private": "eyJlMmJmYjczMC1lY2FhLTExZTYtOGY4OC0zNDM2M2JjN2M0YzAiOnsiY3JlYXRlIjoxMjAwMDAwMDAwMDAwLCJkZWxldGUiOjEyMDAwMDAwMDAwMDAsInVwZGF0ZSI6MTIwMDAwMDAwMDAwMH19",
          "dependencies": [
            "google_compute_network.csye6225_vpc_network"
          ]
        }
      ]
    },
    {
      "mode": "managed",
      "type": "google_compute_subnetwork",
      "name": "webapp",
      "provider": "provider[\"registry.terraform.io/hashicorp/google\"]",
      "instances": [
        {
          "schema_version": 0,
          "attributes": {
            "creation_timestamp": "2024-02-25T21:17:47.432-08:00",
            "description": "",
            "external_ipv6_prefix": "",
            "fingerprint": null,
            "gateway_address": "10.20.0.1",
            "id": "projects/csye-6225-tarun-002294529/regions/us-central1/subnetworks/webapp-subnetwork",
            "internal_ipv6_prefix": "",
            "ip_cidr_range": "10.20.0.0/24",
            "ipv6_access_type": "",
            "ipv6_cidr_range": "",
            "log_config": [],
            "name": "webapp-subnetwork",
            "network": "https://www.googleapis.com/compute/v1/projects/csye-6225-tarun-002294529/global/networks/csye6225-network",
            "private_ip_google_access": false,
            "private_ipv6_google_access": "DISABLE_GOOGLE_ACCESS",
            "project": "csye-6225-tarun-002294529",
            "purpose": "PRIVATE",
            "region": "us-central1",
            "role": "",
            "secondary_ip_range": [],
            "self_link": "https://www.googleapis.com/compute/v1/projects/csye-6225-tarun-002294529/regions/us-central1/subnetworks/webapp-subnetwork",
            "stack_type": "IPV4_ONLY",
            "timeouts": null
          },
          "sensitive_attributes": [],
          "private": "eyJlMmJmYjczMC1lY2FhLTExZTYtOGY4OC0zNDM2M2JjN2M0YzAiOnsiY3JlYXRlIjoxMjAwMDAwMDAwMDAwLCJkZWxldGUiOjEyMDAwMDAwMDAwMDAsInVwZGF0ZSI6MTIwMDAwMDAwMDAwMH19",
          "dependencies": [
            "google_compute_network.csye6225_vpc_network"
          ]
        }
      ]
    },
    {
      "mode": "managed",
      "type": "google_sql_database",
      "name": "sql_database",
      "provider": "provider[\"registry.terraform.io/hashicorp/google\"]",
      "instances": [
        {
          "schema_version": 0,
          "attributes": {
            "charset": "utf8mb4",
            "collation": "utf8mb4_0900_ai_ci",
            "deletion_policy": "DELETE",
            "id": "projects/csye-6225-tarun-002294529/instances/webapp-sql-instance-74de14636bad4606/databases/webapp",
            "instance": "webapp-sql-instance-74de14636bad4606",
            "name": "webapp",
            "project": "csye-6225-tarun-002294529",
            "self_link": "https://sqladmin.googleapis.com/sql/v1beta4/projects/csye-6225-tarun-002294529/instances/webapp-sql-instance-74de14636bad4606/databases/webapp",
            "timeouts": null
          },
          "sensitive_attributes": [],
          "private": "eyJlMmJmYjczMC1lY2FhLTExZTYtOGY4OC0zNDM2M2JjN2M0YzAiOnsiY3JlYXRlIjoxMjAwMDAwMDAwMDAwLCJkZWxldGUiOjEyMDAwMDAwMDAwMDAsInVwZGF0ZSI6MTIwMDAwMDAwMDAwMH19",
          "dependencies": [
            "google_compute_network.csye6225_vpc_network",
            "google_sql_database_instance.webapp_sql_instance",
            "random_id.random_db_instance_id"
          ]
        }
      ]
    },
    {
      "mode": "managed",
      "type": "google_sql_database_instance",
      "name": "webapp_sql_instance",
      "provider": "provider[\"registry.terraform.io/hashicorp/google\"]",
      "instances": [
        {
          "schema_version": 0,
          "attributes": {
            "available_maintenance_versions": [],
            "clone": [],
            "connection_name": "csye-6225-tarun-002294529:us-central1:webapp-sql-instance-74de14636bad4606",
            "database_version": "MYSQL_8_0",
            "deletion_protection": false,
            "dns_name": "",
            "encryption_key_name": null,
            "first_ip_address": "10.193.0.8",
            "id": "webapp-sql-instance-74de14636bad4606",
            "instance_type": "CLOUD_SQL_INSTANCE",
            "ip_address": [
              {
                "ip_address": "10.193.0.8",
                "time_to_retire": "",
                "type": "PRIVATE"
              }
            ],
            "maintenance_version": "MYSQL_8_0_31.R20231105.01_03",
            "master_instance_name": "",
            "name": "webapp-sql-instance-74de14636bad4606",
            "private_ip_address": "10.193.0.8",
            "project": "csye-6225-tarun-002294529",
            "psc_service_attachment_link": "",
            "public_ip_address": "",
            "region": "us-central1",
            "replica_configuration": [],
            "restore_backup_context": [],
            "root_password": null,
            "self_link": "https://sqladmin.googleapis.com/sql/v1beta4/projects/csye-6225-tarun-002294529/instances/webapp-sql-instance-74de14636bad4606",
            "server_ca_cert": [
              {
                "cert": "-----BEGIN CERTIFICATE-----\nMIIDfzCCAmegAwIBAgIBADANBgkqhkiG9w0BAQsFADB3MS0wKwYDVQQuEyQzODgz\nYzY5Zi0wMDNiLTQ4NDYtYjUwNC1kZTFjOTUwM2VkZmExIzAhBgNVBAMTGkdvb2ds\nZSBDbG91ZCBTUUwgU2VydmVyIENBMRQwEgYDVQQKEwtHb29nbGUsIEluYzELMAkG\nA1UEBhMCVVMwHhcNMjQwMjI2MDU0NDI0WhcNMzQwMjIzMDU0NTI0WjB3MS0wKwYD\nVQQuEyQzODgzYzY5Zi0wMDNiLTQ4NDYtYjUwNC1kZTFjOTUwM2VkZmExIzAhBgNV\nBAMTGkdvb2dsZSBDbG91ZCBTUUwgU2VydmVyIENBMRQwEgYDVQQKEwtHb29nbGUs\nIEluYzELMAkGA1UEBhMCVVMwggEiMA0GCSqGSIb3DQEBAQUAA4IBDwAwggEKAoIB\nAQCDghMvtEx5gVCH/ec0NHFOj6rn+qfYvXqAmGGimm4ZmS3CS3O5u0caFPVqrrmh\n3AjLShK3zKDeSCJtQpC1L9661gXs5QhaG+pchGayfsqB1Q5TcjsYSg0HIpismuTx\nf5wItKIpeluKm0lZ0TNrjMS212Z1dYA/Cy0bvLrHP5vDYO5sMrTwH0SG0vxgbKX6\nRyneDQ4vUEHTFcW09lLzpdAB2lpnoAu4ajhzOXLzTVsnjmAdHr6Nt4H8n29bLIfN\n0fZCcsjgP0Lncge6Wl7b+/LDdxhi1hPNQkqv00vQgsCjhI4Tn6Bz0BoqKu/0+PpF\nuCOo1DC5L95yJeR+2qgsNb0FAgMBAAGjFjAUMBIGA1UdEwEB/wQIMAYBAf8CAQAw\nDQYJKoZIhvcNAQELBQADggEBAGWrXIm99dV98uP+nRdLbC0EDInkP9FWi1fuAMIS\nKR7rKYhknvQ6WFSDZUFUgb8pqWOVVB2pQrxyPAPwuyMf4FxPCvFvDb10e+p/3ivn\ndj4+eJzkGiIqeicNJB5ghdB1SHRchPQz2sqj/JwEwbT47C7Z05k3ChbC7682yJpR\nTvz+eq7IsVGsV0YSd/80aZPJIUrQMNSlNHxP6CvsOK9Vy/j8MFiyxo5NhWBHx+8p\nsGNUF0g8vRZifOSmZViH+6dutomqUBlrBh8lSnV5ZitFW6G/+PCH2lEKLDmBJD+O\n2+toTUwWLpi0r1MPsXX9WmYIu+4J2wN3sjooQu5rO4afRf0=\n-----END CERTIFICATE-----",
                "common_name": "C=US,O=Google\\, Inc,CN=Google Cloud SQL Server CA,dnQualifier=3883c69f-003b-4846-b504-de1c9503edfa",
                "create_time": "2024-02-26T05:44:24.733Z",
                "expiration_time": "2034-02-23T05:45:24.733Z",
                "sha1_fingerprint": "db7c9feaf9bddc555ce017c871337d29ed0ea30d"
              }
            ],
            "service_account_email_address": "p489596881979-f8dvrq@gcp-sa-cloud-sql.iam.gserviceaccount.com",
            "settings": [
              {
                "activation_policy": "ALWAYS",
                "active_directory_config": [],
                "advanced_machine_features": [],
                "availability_type": "REGIONAL",
                "backup_configuration": [
                  {
                    "backup_retention_settings": [
                      {
                        "retained_backups": 7,
                        "retention_unit": "COUNT"
                      }
                    ],
                    "binary_log_enabled": true,
                    "enabled": true,
                    "location": "",
                    "point_in_time_recovery_enabled": false,
                    "start_time": "10:00",
                    "transaction_log_retention_days": 7
                  }
                ],
                "collation": "",
                "connector_enforcement": "NOT_REQUIRED",
                "data_cache_config": [],
                "database_flags": [],
                "deletion_protection_enabled": false,
                "deny_maintenance_period": [],
                "disk_autoresize": false,
                "disk_autoresize_limit": 0,
                "disk_size": 10,
                "disk_type": "PD_HDD",
                "edition": "ENTERPRISE",
                "insights_config": [],
                "ip_configuration": [
                  {
                    "allocated_ip_range": "",
                    "authorized_networks": [],
                    "enable_private_path_for_google_cloud_services": false,
                    "ipv4_enabled": false,
                    "private_network": "projects/csye-6225-tarun-002294529/global/networks/csye6225-network",
                    "psc_config": [],
                    "require_ssl": false,
                    "ssl_mode": ""
                  }
                ],
                "location_preference": [
                  {
                    "follow_gae_application": "",
                    "secondary_zone": "",
                    "zone": "us-central1-a"
                  }
                ],
                "maintenance_window": [],
                "password_validation_policy": [],
                "pricing_plan": "PER_USE",
                "sql_server_audit_config": [],
                "tier": "db-f1-micro",
                "time_zone": "",
                "user_labels": {},
                "version": 4
              }
            ],
            "timeouts": null
          },
          "sensitive_attributes": [],
          "private": "eyJlMmJmYjczMC1lY2FhLTExZTYtOGY4OC0zNDM2M2JjN2M0YzAiOnsiY3JlYXRlIjoyNDAwMDAwMDAwMDAwLCJkZWxldGUiOjE4MDAwMDAwMDAwMDAsInVwZGF0ZSI6MTgwMDAwMDAwMDAwMH19",
          "dependencies": [
            "google_compute_network.csye6225_vpc_network",
            "random_id.random_db_instance_id"
          ]
        }
      ]
    },
    {
      "mode": "managed",
      "type": "google_sql_user",
      "name": "sql_user",
      "provider": "provider[\"registry.terraform.io/hashicorp/google\"]",
      "instances": [
        {
          "schema_version": 1,
          "attributes": {
            "deletion_policy": null,
            "host": "",
            "id": "webapp//webapp-sql-instance-74de14636bad4606",
            "instance": "webapp-sql-instance-74de14636bad4606",
            "name": "webapp",
            "password": "gQzJR[GPw!S3BaXp",
            "password_policy": [],
            "project": "csye-6225-tarun-002294529",
            "sql_server_user_details": [],
            "timeouts": null,
            "type": ""
          },
          "sensitive_attributes": [
            [
              {
                "type": "get_attr",
                "value": "password"
              }
            ]
          ],
          "private": "eyJlMmJmYjczMC1lY2FhLTExZTYtOGY4OC0zNDM2M2JjN2M0YzAiOnsiY3JlYXRlIjo2MDAwMDAwMDAwMDAsImRlbGV0ZSI6NjAwMDAwMDAwMDAwLCJ1cGRhdGUiOjYwMDAwMDAwMDAwMH0sInNjaGVtYV92ZXJzaW9uIjoiMSJ9",
          "dependencies": [
            "google_compute_network.csye6225_vpc_network",
            "google_sql_database_instance.webapp_sql_instance",
            "random_id.random_db_instance_id",
            "random_password.password"
          ]
        }
      ]
    },
    {
      "mode": "managed",
      "type": "random_id",
      "name": "random_db_instance_id",
      "provider": "provider[\"registry.terraform.io/hashicorp/random\"]",
      "instances": [
        {
          "schema_version": 0,
          "attributes": {
            "b64_std": "dN4UY2utRgY=",
            "b64_url": "dN4UY2utRgY",
            "byte_length": 8,
            "dec": "8421190770470241798",
            "hex": "74de14636bad4606",
            "id": "dN4UY2utRgY",
            "keepers": null,
            "prefix": null
          },
          "sensitive_attributes": []
        }
      ]
    },
    {
      "mode": "managed",
      "type": "random_password",
      "name": "password",
      "provider": "provider[\"registry.terraform.io/hashicorp/random\"]",
      "instances": [
        {
          "schema_version": 3,
          "attributes": {
            "bcrypt_hash": "$2a$10$VtoTl9ZvQ2eReyNivcu26eiQ4hAXGE3PDTjs4vo8xNFw4D5phRX0q",
            "id": "none",
            "keepers": null,
            "length": 16,
            "lower": true,
            "min_lower": 0,
            "min_numeric": 0,
            "min_special": 0,
            "min_upper": 0,
            "number": true,
            "numeric": true,
            "override_special": "!#$%\u0026*()-_=+[]{}\u003c\u003e:?",
            "result": "gQzJR[GPw!S3BaXp",
            "special": true,
            "upper": true
          },
          "sensitive_attributes": []
        }
      ]
    }
  ],
  "check_results": null
}
